
Microsoft Visual Studio Solution File, Format Version 12.00
# Visual Studio Version 16
VisualStudioVersion = 16.0.31025.194
MinimumVisualStudioVersion = 10.0.40219.1
Project("{FAE04EC0-301F-11D3-BF4B-00C04F79EFBC}") = "Film_Arsivim", "Film_Arsivim\Film_Arsivim.csproj", "{E73AA508-7D86-4882-AAF6-154E498FB8AD}"
EndProject
Global
	GlobalSection(SolutionConfigurationPlatforms) = preSolution
		Debug|Any CPU = Debug|Any CPU
		Release|Any CPU = Release|Any CPU
	EndGlobalSection
	GlobalSection(ProjectConfigurationPlatforms) = postSolution
		{E73AA508-7D86-4882-AAF6-154E498FB8AD}.Debug|Any CPU.ActiveCfg = Debug|Any CPU
		{E73AA508-7D86-4882-AAF6-154E498FB8AD}.Debug|Any CPU.Build.0 = Debug|Any CPU
		{E73AA508-7D86-4882-AAF6-154E498FB8AD}.Release|Any CPU.ActiveCfg = Release|Any CPU
		{E73AA508-7D86-4882-AAF6-154E498FB8AD}.Release|Any CPU.Build.0 = Release|Any CPU
	EndGlobalSection
	GlobalSection(SolutionProperties) = preSolution
		HideSolutionNode = FALSE
	EndGlobalSection
	GlobalSection(ExtensibilityGlobals) = postSolution
		SolutionGuid = {8CCABE23-8609-42BE-8498-5AF76617A992}
	EndGlobalSection
EndGlobal
